
Microsoft Visual Studio Solution File, Format Version 12.00
# Visual Studio Version 17
VisualStudioVersion = 17.9.34714.143
MinimumVisualStudioVersion = 10.0.40219.1
Project("{FAE04EC0-301F-11D3-BF4B-00C04F79EFBC}") = "Art1", "Art1\Art1.csproj", "{7C16277B-186D-40AF-8240-C15173B1585A}"
EndProject
Global
	GlobalSection(SolutionConfigurationPlatforms) = preSolution
		Debug|Any CPU = Debug|Any CPU
		Release|Any CPU = Release|Any CPU
	EndGlobalSection
	GlobalSection(ProjectConfigurationPlatforms) = postSolution
		{7C16277B-186D-40AF-8240-C15173B1585A}.Debug|Any CPU.ActiveCfg = Debug|Any CPU
		{7C16277B-186D-40AF-8240-C15173B1585A}.Debug|Any CPU.Build.0 = Debug|Any CPU
		{7C16277B-186D-40AF-8240-C15173B1585A}.Release|Any CPU.ActiveCfg = Release|Any CPU
		{7C16277B-186D-40AF-8240-C15173B1585A}.Release|Any CPU.Build.0 = Release|Any CPU
	EndGlobalSection
	GlobalSection(SolutionProperties) = preSolution
		HideSolutionNode = FALSE
	EndGlobalSection
	GlobalSection(ExtensibilityGlobals) = postSolution
		SolutionGuid = {49D0327C-7A0D-483F-8732-E06747EFBF5E}
	EndGlobalSection
EndGlobal
